{
  "version": 4,
  "terraform_version": "1.6.1",
  "serial": 32,
  "lineage": "12f1a4e7-af4c-b030-cd6c-8051e745d034",
  "outputs": {},
  "resources": [
    {
      "mode": "managed",
      "type": "aws_iam_user",
      "name": "my_user",
      "provider": "provider[\"registry.terraform.io/hashicorp/aws\"]",
      "instances": [
        {
          "schema_version": 0,
          "attributes": {
            "arn": "arn:aws:iam::052405306673:user/itc",
            "force_destroy": false,
            "id": "itc",
            "name": "itc",
            "path": "/",
            "permissions_boundary": "",
            "tags": {},
            "tags_all": {},
            "unique_id": "AIDAQYM4ZQUYY65RYVGZ7"
          },
          "sensitive_attributes": [],
          "private": "bnVsbA=="
        }
      ]
    }
  ],
  "check_results": null
}
